// !$*UTF8*$!
{
	archiveVersion = 1;
	classes = {
	};
	objectVersion = 46;
	objects = {

/* Begin PBXBuildFile section */
		2191BD9EB1AAD9F7BBA69D1F /* Pods_SniperStocksTests.framework in Frameworks */ = {isa = PBXBuildFile; fileRef = DA94A0931C3B393564FE267B /* Pods_SniperStocksTests.framework */; };
		343209840CDF2641E377477D /* Pods_SniperStocksUITests.framework in Frameworks */ = {isa = PBXBuildFile; fileRef = 08719C9414CE0120500D5756 /* Pods_SniperStocksUITests.framework */; };
		4106F0DE1D42B07A00B780BA /* WebServiceProtocol.swift in Sources */ = {isa = PBXBuildFile; fileRef = 4106F0DD1D42B07A00B780BA /* WebServiceProtocol.swift */; };
		41EE491D1D1B0132008A51B0 /* webServiceController.swift in Sources */ = {isa = PBXBuildFile; fileRef = 41EE491C1D1B0132008A51B0 /* webServiceController.swift */; };
		635F7E651E86A6D2AA2E519F /* Pods_SniperStocks.framework in Frameworks */ = {isa = PBXBuildFile; fileRef = F50BF1936C0704E79812DADA /* Pods_SniperStocks.framework */; };
		AF106BB51D0D571F0053130C /* AppDelegate.swift in Sources */ = {isa = PBXBuildFile; fileRef = AF106BB41D0D571F0053130C /* AppDelegate.swift */; };
		AF106BBA1D0D57200053130C /* Main.storyboard in Resources */ = {isa = PBXBuildFile; fileRef = AF106BB81D0D57200053130C /* Main.storyboard */; };
		AF106BBC1D0D57200053130C /* Assets.xcassets in Resources */ = {isa = PBXBuildFile; fileRef = AF106BBB1D0D57200053130C /* Assets.xcassets */; };
		AF106BBF1D0D57200053130C /* LaunchScreen.storyboard in Resources */ = {isa = PBXBuildFile; fileRef = AF106BBD1D0D57200053130C /* LaunchScreen.storyboard */; };
		AF106BCA1D0D57210053130C /* SniperStocksTests.swift in Sources */ = {isa = PBXBuildFile; fileRef = AF106BC91D0D57210053130C /* SniperStocksTests.swift */; };
		AF106BD51D0D57210053130C /* SniperStocksUITests.swift in Sources */ = {isa = PBXBuildFile; fileRef = AF106BD41D0D57210053130C /* SniperStocksUITests.swift */; };
		AF270C471D4DF3A5001E1DBE /* ViewController.swift in Sources */ = {isa = PBXBuildFile; fileRef = AF270C461D4DF3A5001E1DBE /* ViewController.swift */; };
		AF286BFD1D5217C9003B91BE /* LoginViewController.swift in Sources */ = {isa = PBXBuildFile; fileRef = AF286BFC1D5217C9003B91BE /* LoginViewController.swift */; };
		AF560E331D633D8600B2FB57 /* InstractionViewController.swift in Sources */ = {isa = PBXBuildFile; fileRef = AF560E321D633D8600B2FB57 /* InstractionViewController.swift */; };
		AF560E351D635CA500B2FB57 /* InstractionTableViewCell.swift in Sources */ = {isa = PBXBuildFile; fileRef = AF560E341D635CA500B2FB57 /* InstractionTableViewCell.swift */; };
		AF560E371D63613400B2FB57 /* Company.swift in Sources */ = {isa = PBXBuildFile; fileRef = AF560E361D63613400B2FB57 /* Company.swift */; };
		AFC830BE1D462DB700E11C31 /* MainViewController.swift in Sources */ = {isa = PBXBuildFile; fileRef = AFC830BD1D462DB700E11C31 /* MainViewController.swift */; };
		AFC830C01D462E0E00E11C31 /* RegisterViewController.swift in Sources */ = {isa = PBXBuildFile; fileRef = AFC830BF1D462E0E00E11C31 /* RegisterViewController.swift */; };
		AFFD2F191D5BD9A800372742 /* ActivateCodeViewController.swift in Sources */ = {isa = PBXBuildFile; fileRef = AFFD2F181D5BD9A800372742 /* ActivateCodeViewController.swift */; };
		AFFD2F1B1D5F551B00372742 /* ResetPasswordViewController.swift in Sources */ = {isa = PBXBuildFile; fileRef = AFFD2F1A1D5F551B00372742 /* ResetPasswordViewController.swift */; };
		AFFD2F1D1D5F694000372742 /* MyAccountViewController.swift in Sources */ = {isa = PBXBuildFile; fileRef = AFFD2F1C1D5F694000372742 /* MyAccountViewController.swift */; };
		AFFD2F1F1D5F695100372742 /* ChangePasswordViewController.swift in Sources */ = {isa = PBXBuildFile; fileRef = AFFD2F1E1D5F695100372742 /* ChangePasswordViewController.swift */; };
		AFFD2F211D61387700372742 /* SendMoneyViewController.swift in Sources */ = {isa = PBXBuildFile; fileRef = AFFD2F201D61387600372742 /* SendMoneyViewController.swift */; };
		AFFFA0341D4F507500C9793A /* SniperStocksConstants.swift in Sources */ = {isa = PBXBuildFile; fileRef = AFFFA0331D4F507500C9793A /* SniperStocksConstants.swift */; };
/* End PBXBuildFile section */

/* Begin PBXContainerItemProxy section */
		AF106BC61D0D57210053130C /* PBXContainerItemProxy */ = {
			isa = PBXContainerItemProxy;
			containerPortal = AF106BA91D0D57190053130C /* Project object */;
			proxyType = 1;
			remoteGlobalIDString = AF106BB01D0D571A0053130C;
			remoteInfo = SniperStocks;
		};
		AF106BD11D0D57210053130C /* PBXContainerItemProxy */ = {
			isa = PBXContainerItemProxy;
			containerPortal = AF106BA91D0D57190053130C /* Project object */;
			proxyType = 1;
			remoteGlobalIDString = AF106BB01D0D571A0053130C;
			remoteInfo = SniperStocks;
		};
/* End PBXContainerItemProxy section */

/* Begin PBXFileReference section */
		08719C9414CE0120500D5756 /* Pods_SniperStocksUITests.framework */ = {isa = PBXFileReference; explicitFileType = wrapper.framework; includeInIndex = 0; path = Pods_SniperStocksUITests.framework; sourceTree = BUILT_PRODUCTS_DIR; };
		0B9B8F4A49C9112056112873 /* Pods-SniperStocksTests.release.xcconfig */ = {isa = PBXFileReference; includeInIndex = 1; lastKnownFileType = text.xcconfig; name = "Pods-SniperStocksTests.release.xcconfig"; path = "Pods/Target Support Files/Pods-SniperStocksTests/Pods-SniperStocksTests.release.xcconfig"; sourceTree = "<group>"; };
		4106F0DD1D42B07A00B780BA /* WebServiceProtocol.swift */ = {isa = PBXFileReference; fileEncoding = 4; lastKnownFileType = sourcecode.swift; path = WebServiceProtocol.swift; sourceTree = "<group>"; };
		41EE491C1D1B0132008A51B0 /* webServiceController.swift */ = {isa = PBXFileReference; fileEncoding = 4; lastKnownFileType = sourcecode.swift; path = webServiceController.swift; sourceTree = "<group>"; };
		5BB794EC8916F0EA73C3170F /* Pods-SniperStocks.release.xcconfig */ = {isa = PBXFileReference; includeInIndex = 1; lastKnownFileType = text.xcconfig; name = "Pods-SniperStocks.release.xcconfig"; path = "Pods/Target Support Files/Pods-SniperStocks/Pods-SniperStocks.release.xcconfig"; sourceTree = "<group>"; };
		848CB2385ADC4B7E6D3640D8 /* Pods-SniperStocksTests.debug.xcconfig */ = {isa = PBXFileReference; includeInIndex = 1; lastKnownFileType = text.xcconfig; name = "Pods-SniperStocksTests.debug.xcconfig"; path = "Pods/Target Support Files/Pods-SniperStocksTests/Pods-SniperStocksTests.debug.xcconfig"; sourceTree = "<group>"; };
		8A93CF82701DCF378C122DEB /* Pods-SniperStocksUITests.debug.xcconfig */ = {isa = PBXFileReference; includeInIndex = 1; lastKnownFileType = text.xcconfig; name = "Pods-SniperStocksUITests.debug.xcconfig"; path = "Pods/Target Support Files/Pods-SniperStocksUITests/Pods-SniperStocksUITests.debug.xcconfig"; sourceTree = "<group>"; };
		A629D11AD536304E77E18D26 /* Pods-SniperStocks.debug.xcconfig */ = {isa = PBXFileReference; includeInIndex = 1; lastKnownFileType = text.xcconfig; name = "Pods-SniperStocks.debug.xcconfig"; path = "Pods/Target Support Files/Pods-SniperStocks/Pods-SniperStocks.debug.xcconfig"; sourceTree = "<group>"; };
		AF106BB11D0D571E0053130C /* SniperStocks.app */ = {isa = PBXFileReference; explicitFileType = wrapper.application; includeInIndex = 0; path = SniperStocks.app; sourceTree = BUILT_PRODUCTS_DIR; };
		AF106BB41D0D571F0053130C /* AppDelegate.swift */ = {isa = PBXFileReference; lastKnownFileType = sourcecode.swift; path = AppDelegate.swift; sourceTree = "<group>"; };
		AF106BB91D0D57200053130C /* Base */ = {isa = PBXFileReference; lastKnownFileType = file.storyboard; name = Base; path = Base.lproj/Main.storyboard; sourceTree = "<group>"; };
		AF106BBB1D0D57200053130C /* Assets.xcassets */ = {isa = PBXFileReference; lastKnownFileType = folder.assetcatalog; path = Assets.xcassets; sourceTree = "<group>"; };
		AF106BBE1D0D57200053130C /* Base */ = {isa = PBXFileReference; lastKnownFileType = file.storyboard; name = Base; path = Base.lproj/LaunchScreen.storyboard; sourceTree = "<group>"; };
		AF106BC01D0D57200053130C /* Info.plist */ = {isa = PBXFileReference; lastKnownFileType = text.plist.xml; path = Info.plist; sourceTree = "<group>"; };
		AF106BC51D0D57210053130C /* SniperStocksTests.xctest */ = {isa = PBXFileReference; explicitFileType = wrapper.cfbundle; includeInIndex = 0; path = SniperStocksTests.xctest; sourceTree = BUILT_PRODUCTS_DIR; };
		AF106BC91D0D57210053130C /* SniperStocksTests.swift */ = {isa = PBXFileReference; lastKnownFileType = sourcecode.swift; path = SniperStocksTests.swift; sourceTree = "<group>"; };
		AF106BCB1D0D57210053130C /* Info.plist */ = {isa = PBXFileReference; lastKnownFileType = text.plist.xml; path = Info.plist; sourceTree = "<group>"; };
		AF106BD01D0D57210053130C /* SniperStocksUITests.xctest */ = {isa = PBXFileReference; explicitFileType = wrapper.cfbundle; includeInIndex = 0; path = SniperStocksUITests.xctest; sourceTree = BUILT_PRODUCTS_DIR; };
		AF106BD41D0D57210053130C /* SniperStocksUITests.swift */ = {isa = PBXFileReference; lastKnownFileType = sourcecode.swift; path = SniperStocksUITests.swift; sourceTree = "<group>"; };
		AF106BD61D0D57210053130C /* Info.plist */ = {isa = PBXFileReference; lastKnownFileType = text.plist.xml; path = Info.plist; sourceTree = "<group>"; };
		AF270C461D4DF3A5001E1DBE /* ViewController.swift */ = {isa = PBXFileReference; fileEncoding = 4; lastKnownFileType = sourcecode.swift; path = ViewController.swift; sourceTree = "<group>"; };
		AF286BFC1D5217C9003B91BE /* LoginViewController.swift */ = {isa = PBXFileReference; fileEncoding = 4; lastKnownFileType = sourcecode.swift; path = LoginViewController.swift; sourceTree = "<group>"; };
		AF560E321D633D8600B2FB57 /* InstractionViewController.swift */ = {isa = PBXFileReference; fileEncoding = 4; lastKnownFileType = sourcecode.swift; path = InstractionViewController.swift; sourceTree = "<group>"; };
		AF560E341D635CA500B2FB57 /* InstractionTableViewCell.swift */ = {isa = PBXFileReference; fileEncoding = 4; lastKnownFileType = sourcecode.swift; path = InstractionTableViewCell.swift; sourceTree = "<group>"; };
		AF560E361D63613400B2FB57 /* Company.swift */ = {isa = PBXFileReference; fileEncoding = 4; lastKnownFileType = sourcecode.swift; name = Company.swift; path = SniperStocks/Company.swift; sourceTree = SOURCE_ROOT; };
		AFC830BD1D462DB700E11C31 /* MainViewController.swift */ = {isa = PBXFileReference; fileEncoding = 4; lastKnownFileType = sourcecode.swift; path = MainViewController.swift; sourceTree = "<group>"; };
		AFC830BF1D462E0E00E11C31 /* RegisterViewController.swift */ = {isa = PBXFileReference; fileEncoding = 4; lastKnownFileType = sourcecode.swift; path = RegisterViewController.swift; sourceTree = "<group>"; };
		AFFD2F181D5BD9A800372742 /* ActivateCodeViewController.swift */ = {isa = PBXFileReference; fileEncoding = 4; lastKnownFileType = sourcecode.swift; path = ActivateCodeViewController.swift; sourceTree = "<group>"; };
		AFFD2F1A1D5F551B00372742 /* ResetPasswordViewController.swift */ = {isa = PBXFileReference; fileEncoding = 4; lastKnownFileType = sourcecode.swift; path = ResetPasswordViewController.swift; sourceTree = "<group>"; };
		AFFD2F1C1D5F694000372742 /* MyAccountViewController.swift */ = {isa = PBXFileReference; fileEncoding = 4; lastKnownFileType = sourcecode.swift; path = MyAccountViewController.swift; sourceTree = "<group>"; };
		AFFD2F1E1D5F695100372742 /* ChangePasswordViewController.swift */ = {isa = PBXFileReference; fileEncoding = 4; lastKnownFileType = sourcecode.swift; path = ChangePasswordViewController.swift; sourceTree = "<group>"; };
		AFFD2F201D61387600372742 /* SendMoneyViewController.swift */ = {isa = PBXFileReference; fileEncoding = 4; lastKnownFileType = sourcecode.swift; path = SendMoneyViewController.swift; sourceTree = "<group>"; };
		AFFFA0331D4F507500C9793A /* SniperStocksConstants.swift */ = {isa = PBXFileReference; fileEncoding = 4; lastKnownFileType = sourcecode.swift; path = SniperStocksConstants.swift; sourceTree = "<group>"; };
		C71912CAF95DA5776D225992 /* Pods-SniperStocksUITests.release.xcconfig */ = {isa = PBXFileReference; includeInIndex = 1; lastKnownFileType = text.xcconfig; name = "Pods-SniperStocksUITests.release.xcconfig"; path = "Pods/Target Support Files/Pods-SniperStocksUITests/Pods-SniperStocksUITests.release.xcconfig"; sourceTree = "<group>"; };
		DA94A0931C3B393564FE267B /* Pods_SniperStocksTests.framework */ = {isa = PBXFileReference; explicitFileType = wrapper.framework; includeInIndex = 0; path = Pods_SniperStocksTests.framework; sourceTree = BUILT_PRODUCTS_DIR; };
		F50BF1936C0704E79812DADA /* Pods_SniperStocks.framework */ = {isa = PBXFileReference; explicitFileType = wrapper.framework; includeInIndex = 0; path = Pods_SniperStocks.framework; sourceTree = BUILT_PRODUCTS_DIR; };
/* End PBXFileReference section */

/* Begin PBXFrameworksBuildPhase section */
		AF106BAE1D0D571A0053130C /* Frameworks */ = {
			isa = PBXFrameworksBuildPhase;
			buildActionMask = 2147483647;
			files = (
				635F7E651E86A6D2AA2E519F /* Pods_SniperStocks.framework in Frameworks */,
			);
			runOnlyForDeploymentPostprocessing = 0;
		};
		AF106BC21D0D57210053130C /* Frameworks */ = {
			isa = PBXFrameworksBuildPhase;
			buildActionMask = 2147483647;
			files = (
				2191BD9EB1AAD9F7BBA69D1F /* Pods_SniperStocksTests.framework in Frameworks */,
			);
			runOnlyForDeploymentPostprocessing = 0;
		};
		AF106BCD1D0D57210053130C /* Frameworks */ = {
			isa = PBXFrameworksBuildPhase;
			buildActionMask = 2147483647;
			files = (
				343209840CDF2641E377477D /* Pods_SniperStocksUITests.framework in Frameworks */,
			);
			runOnlyForDeploymentPostprocessing = 0;
		};
/* End PBXFrameworksBuildPhase section */

/* Begin PBXGroup section */
		4106F0DC1D42B05500B780BA /* Protocols */ = {
			isa = PBXGroup;
			children = (
				4106F0DD1D42B07A00B780BA /* WebServiceProtocol.swift */,
			);
			path = Protocols;
			sourceTree = "<group>";
		};
		41EE49181D1AFF04008A51B0 /* Controllers */ = {
			isa = PBXGroup;
			children = (
				41EE491C1D1B0132008A51B0 /* webServiceController.swift */,
				AFFFA0331D4F507500C9793A /* SniperStocksConstants.swift */,
			);
			path = Controllers;
			sourceTree = "<group>";
		};
		41EE491A1D1AFF04008A51B0 /* Models */ = {
			isa = PBXGroup;
			children = (
				AF560E361D63613400B2FB57 /* Company.swift */,
			);
			path = Models;
			sourceTree = "<group>";
		};
		5726357940E8232AB02BEC87 /* Pods */ = {
			isa = PBXGroup;
			children = (
				A629D11AD536304E77E18D26 /* Pods-SniperStocks.debug.xcconfig */,
				5BB794EC8916F0EA73C3170F /* Pods-SniperStocks.release.xcconfig */,
				848CB2385ADC4B7E6D3640D8 /* Pods-SniperStocksTests.debug.xcconfig */,
				0B9B8F4A49C9112056112873 /* Pods-SniperStocksTests.release.xcconfig */,
				8A93CF82701DCF378C122DEB /* Pods-SniperStocksUITests.debug.xcconfig */,
				C71912CAF95DA5776D225992 /* Pods-SniperStocksUITests.release.xcconfig */,
			);
			name = Pods;
			sourceTree = "<group>";
		};
		99FCBB838213D44A0B50F988 /* Frameworks */ = {
			isa = PBXGroup;
			children = (
				F50BF1936C0704E79812DADA /* Pods_SniperStocks.framework */,
				DA94A0931C3B393564FE267B /* Pods_SniperStocksTests.framework */,
				08719C9414CE0120500D5756 /* Pods_SniperStocksUITests.framework */,
			);
			name = Frameworks;
			sourceTree = "<group>";
		};
		AF106BA81D0D57180053130C = {
			isa = PBXGroup;
			children = (
				AF106BB31D0D571F0053130C /* SniperStocks */,
				AF106BC81D0D57210053130C /* SniperStocksTests */,
				AF106BD31D0D57210053130C /* SniperStocksUITests */,
				AF106BB21D0D571E0053130C /* Products */,
				5726357940E8232AB02BEC87 /* Pods */,
				99FCBB838213D44A0B50F988 /* Frameworks */,
			);
			sourceTree = "<group>";
		};
		AF106BB21D0D571E0053130C /* Products */ = {
			isa = PBXGroup;
			children = (
				AF106BB11D0D571E0053130C /* SniperStocks.app */,
				AF106BC51D0D57210053130C /* SniperStocksTests.xctest */,
				AF106BD01D0D57210053130C /* SniperStocksUITests.xctest */,
			);
			name = Products;
			sourceTree = "<group>";
		};
		AF106BB31D0D571F0053130C /* SniperStocks */ = {
			isa = PBXGroup;
			children = (
				4106F0DC1D42B05500B780BA /* Protocols */,
				41EE49181D1AFF04008A51B0 /* Controllers */,
				41EE491A1D1AFF04008A51B0 /* Models */,
				AFC830BC1D462D6800E11C31 /* Views */,
				AF270C461D4DF3A5001E1DBE /* ViewController.swift */,
				AF106BB41D0D571F0053130C /* AppDelegate.swift */,
				AF106BB81D0D57200053130C /* Main.storyboard */,
				AF106BBB1D0D57200053130C /* Assets.xcassets */,
				AF106BBD1D0D57200053130C /* LaunchScreen.storyboard */,
				AF106BC01D0D57200053130C /* Info.plist */,
			);
			path = SniperStocks;
			sourceTree = "<group>";
		};
		AF106BC81D0D57210053130C /* SniperStocksTests */ = {
			isa = PBXGroup;
			children = (
				AF106BC91D0D57210053130C /* SniperStocksTests.swift */,
				AF106BCB1D0D57210053130C /* Info.plist */,
			);
			path = SniperStocksTests;
			sourceTree = "<group>";
		};
		AF106BD31D0D57210053130C /* SniperStocksUITests */ = {
			isa = PBXGroup;
			children = (
				AF106BD41D0D57210053130C /* SniperStocksUITests.swift */,
				AF106BD61D0D57210053130C /* Info.plist */,
			);
			path = SniperStocksUITests;
			sourceTree = "<group>";
		};
		AFC830BC1D462D6800E11C31 /* Views */ = {
			isa = PBXGroup;
			children = (
				AFC830BD1D462DB700E11C31 /* MainViewController.swift */,
				AFC830BF1D462E0E00E11C31 /* RegisterViewController.swift */,
				AF286BFC1D5217C9003B91BE /* LoginViewController.swift */,
				AFFD2F181D5BD9A800372742 /* ActivateCodeViewController.swift */,
				AFFD2F1A1D5F551B00372742 /* ResetPasswordViewController.swift */,
				AFFD2F1C1D5F694000372742 /* MyAccountViewController.swift */,
				AFFD2F1E1D5F695100372742 /* ChangePasswordViewController.swift */,
				AFFD2F201D61387600372742 /* SendMoneyViewController.swift */,
				AF560E321D633D8600B2FB57 /* InstractionViewController.swift */,
				AF560E341D635CA500B2FB57 /* InstractionTableViewCell.swift */,
			);
			name = Views;
			sourceTree = "<group>";
		};
/* End PBXGroup section */

/* Begin PBXNativeTarget section */
		AF106BB01D0D571A0053130C /* SniperStocks */ = {
			isa = PBXNativeTarget;
			buildConfigurationList = AF106BD91D0D57210053130C /* Build configuration list for PBXNativeTarget "SniperStocks" */;
			buildPhases = (
				D5E31D109E1EFEB373F99A83 /* [CP] Check Pods Manifest.lock */,
				AF106BAD1D0D571A0053130C /* Sources */,
				AF106BAE1D0D571A0053130C /* Frameworks */,
				AF106BAF1D0D571A0053130C /* Resources */,
				DF269BE33D8A24DE1035F599 /* [CP] Embed Pods Frameworks */,
				2452E56B962580D792770F9B /* [CP] Copy Pods Resources */,
			);
			buildRules = (
			);
			dependencies = (
			);
			name = SniperStocks;
			productName = SniperStocks;
			productReference = AF106BB11D0D571E0053130C /* SniperStocks.app */;
			productType = "com.apple.product-type.application";
		};
		AF106BC41D0D57210053130C /* SniperStocksTests */ = {
			isa = PBXNativeTarget;
			buildConfigurationList = AF106BDC1D0D57210053130C /* Build configuration list for PBXNativeTarget "SniperStocksTests" */;
			buildPhases = (
				0B7BEB9B9A7FF8E2DB11152E /* [CP] Check Pods Manifest.lock */,
				AF106BC11D0D57210053130C /* Sources */,
				AF106BC21D0D57210053130C /* Frameworks */,
				AF106BC31D0D57210053130C /* Resources */,
				D11DE235C87D8C676FA8A312 /* [CP] Embed Pods Frameworks */,
				748012E146DDA24D49D0815B /* [CP] Copy Pods Resources */,
			);
			buildRules = (
			);
			dependencies = (
				AF106BC71D0D57210053130C /* PBXTargetDependency */,
			);
			name = SniperStocksTests;
			productName = SniperStocksTests;
			productReference = AF106BC51D0D57210053130C /* SniperStocksTests.xctest */;
			productType = "com.apple.product-type.bundle.unit-test";
		};
		AF106BCF1D0D57210053130C /* SniperStocksUITests */ = {
			isa = PBXNativeTarget;
			buildConfigurationList = AF106BDF1D0D57210053130C /* Build configuration list for PBXNativeTarget "SniperStocksUITests" */;
			buildPhases = (
				A83F79A861562E9E6EC3AB23 /* [CP] Check Pods Manifest.lock */,
				AF106BCC1D0D57210053130C /* Sources */,
				AF106BCD1D0D57210053130C /* Frameworks */,
				AF106BCE1D0D57210053130C /* Resources */,
				FA6EDE4F9E51591163553A01 /* [CP] Copy Pods Resources */,
			);
			buildRules = (
			);
			dependencies = (
				AF106BD21D0D57210053130C /* PBXTargetDependency */,
			);
			name = SniperStocksUITests;
			productName = SniperStocksUITests;
			productReference = AF106BD01D0D57210053130C /* SniperStocksUITests.xctest */;
			productType = "com.apple.product-type.bundle.ui-testing";
		};
/* End PBXNativeTarget section */

/* Begin PBXProject section */
		AF106BA91D0D57190053130C /* Project object */ = {
			isa = PBXProject;
			attributes = {
				LastSwiftUpdateCheck = 0730;
				LastUpgradeCheck = 0730;
				ORGANIZATIONNAME = "Abdelrahman Mohamed";
				TargetAttributes = {
					AF106BB01D0D571A0053130C = {
						CreatedOnToolsVersion = 7.3.1;
						DevelopmentTeam = 6KNM32Y4FM;
					};
					AF106BC41D0D57210053130C = {
						CreatedOnToolsVersion = 7.3.1;
						DevelopmentTeam = 6KNM32Y4FM;
						TestTargetID = AF106BB01D0D571A0053130C;
					};
					AF106BCF1D0D57210053130C = {
						CreatedOnToolsVersion = 7.3.1;
						DevelopmentTeam = 6KNM32Y4FM;
						TestTargetID = AF106BB01D0D571A0053130C;
					};
				};
			};
			buildConfigurationList = AF106BAC1D0D57190053130C /* Build configuration list for PBXProject "SniperStocks" */;
			compatibilityVersion = "Xcode 3.2";
			developmentRegion = English;
			hasScannedForEncodings = 0;
			knownRegions = (
				en,
				Base,
			);
			mainGroup = AF106BA81D0D57180053130C;
			productRefGroup = AF106BB21D0D571E0053130C /* Products */;
			projectDirPath = "";
			projectRoot = "";
			targets = (
				AF106BB01D0D571A0053130C /* SniperStocks */,
				AF106BC41D0D57210053130C /* SniperStocksTests */,
				AF106BCF1D0D57210053130C /* SniperStocksUITests */,
			);
		};
/* End PBXProject section */

/* Begin PBXResourcesBuildPhase section */
		AF106BAF1D0D571A0053130C /* Resources */ = {
			isa = PBXResourcesBuildPhase;
			buildActionMask = 2147483647;
			files = (
				AF106BBF1D0D57200053130C /* LaunchScreen.storyboard in Resources */,
				AF106BBC1D0D57200053130C /* Assets.xcassets in Resources */,
				AF106BBA1D0D57200053130C /* Main.storyboard in Resources */,
			);
			runOnlyForDeploymentPostprocessing = 0;
		};
		AF106BC31D0D57210053130C /* Resources */ = {
			isa = PBXResourcesBuildPhase;
			buildActionMask = 2147483647;
			files = (
			);
			runOnlyForDeploymentPostprocessing = 0;
		};
		AF106BCE1D0D57210053130C /* Resources */ = {
			isa = PBXResourcesBuildPhase;
			buildActionMask = 2147483647;
			files = (
			);
			runOnlyForDeploymentPostprocessing = 0;
		};
/* End PBXResourcesBuildPhase section */

/* Begin PBXShellScriptBuildPhase section */
		0B7BEB9B9A7FF8E2DB11152E /* [CP] Check Pods Manifest.lock */ = {
			isa = PBXShellScriptBuildPhase;
			buildActionMask = 2147483647;
			files = (
			);
			inputPaths = (
			);
			name = "[CP] Check Pods Manifest.lock";
			outputPaths = (
			);
			runOnlyForDeploymentPostprocessing = 0;
			shellPath = /bin/sh;
			shellScript = "diff \"${PODS_ROOT}/../Podfile.lock\" \"${PODS_ROOT}/Manifest.lock\" > /dev/null\nif [[ $? != 0 ]] ; then\n    cat << EOM\nerror: The sandbox is not in sync with the Podfile.lock. Run 'pod install' or update your CocoaPods installation.\nEOM\n    exit 1\nfi\n";
			showEnvVarsInLog = 0;
		};
		2452E56B962580D792770F9B /* [CP] Copy Pods Resources */ = {
			isa = PBXShellScriptBuildPhase;
			buildActionMask = 2147483647;
			files = (
			);
			inputPaths = (
			);
			name = "[CP] Copy Pods Resources";
			outputPaths = (
			);
			runOnlyForDeploymentPostprocessing = 0;
			shellPath = /bin/sh;
			shellScript = "\"${SRCROOT}/Pods/Target Support Files/Pods-SniperStocks/Pods-SniperStocks-resources.sh\"\n";
			showEnvVarsInLog = 0;
		};
		748012E146DDA24D49D0815B /* [CP] Copy Pods Resources */ = {
			isa = PBXShellScriptBuildPhase;
			buildActionMask = 2147483647;
			files = (
			);
			inputPaths = (
			);
			name = "[CP] Copy Pods Resources";
			outputPaths = (
			);
			runOnlyForDeploymentPostprocessing = 0;
			shellPath = /bin/sh;
			shellScript = "\"${SRCROOT}/Pods/Target Support Files/Pods-SniperStocksTests/Pods-SniperStocksTests-resources.sh\"\n";
			showEnvVarsInLog = 0;
		};
		A83F79A861562E9E6EC3AB23 /* [CP] Check Pods Manifest.lock */ = {
			isa = PBXShellScriptBuildPhase;
			buildActionMask = 2147483647;
			files = (
			);
			inputPaths = (
			);
			name = "[CP] Check Pods Manifest.lock";
			outputPaths = (
			);
			runOnlyForDeploymentPostprocessing = 0;
			shellPath = /bin/sh;
			shellScript = "diff \"${PODS_ROOT}/../Podfile.lock\" \"${PODS_ROOT}/Manifest.lock\" > /dev/null\nif [[ $? != 0 ]] ; then\n    cat << EOM\nerror: The sandbox is not in sync with the Podfile.lock. Run 'pod install' or update your CocoaPods installation.\nEOM\n    exit 1\nfi\n";
			showEnvVarsInLog = 0;
		};
		D11DE235C87D8C676FA8A312 /* [CP] Embed Pods Frameworks */ = {
			isa = PBXShellScriptBuildPhase;
			buildActionMask = 2147483647;
			files = (
			);
			inputPaths = (
			);
			name = "[CP] Embed Pods Frameworks";
			outputPaths = (
			);
			runOnlyForDeploymentPostprocessing = 0;
			shellPath = /bin/sh;
			shellScript = "\"${SRCROOT}/Pods/Target Support Files/Pods-SniperStocksTests/Pods-SniperStocksTests-frameworks.sh\"\n";
			showEnvVarsInLog = 0;
		};
		D5E31D109E1EFEB373F99A83 /* [CP] Check Pods Manifest.lock */ = {
			isa = PBXShellScriptBuildPhase;
			buildActionMask = 2147483647;
			files = (
			);
			inputPaths = (
			);
			name = "[CP] Check Pods Manifest.lock";
			outputPaths = (
			);
			runOnlyForDeploymentPostprocessing = 0;
			shellPath = /bin/sh;
			shellScript = "diff \"${PODS_ROOT}/../Podfile.lock\" \"${PODS_ROOT}/Manifest.lock\" > /dev/null\nif [[ $? != 0 ]] ; then\n    cat << EOM\nerror: The sandbox is not in sync with the Podfile.lock. Run 'pod install' or update your CocoaPods installation.\nEOM\n    exit 1\nfi\n";
			showEnvVarsInLog = 0;
		};
		DF269BE33D8A24DE1035F599 /* [CP] Embed Pods Frameworks */ = {
			isa = PBXShellScriptBuildPhase;
			buildActionMask = 2147483647;
			files = (
			);
			inputPaths = (
			);
			name = "[CP] Embed Pods Frameworks";
			outputPaths = (
			);
			runOnlyForDeploymentPostprocessing = 0;
			shellPath = /bin/sh;
			shellScript = "\"${SRCROOT}/Pods/Target Support Files/Pods-SniperStocks/Pods-SniperStocks-frameworks.sh\"\n";
			showEnvVarsInLog = 0;
		};
		FA6EDE4F9E51591163553A01 /* [CP] Copy Pods Resources */ = {
			isa = PBXShellScriptBuildPhase;
			buildActionMask = 2147483647;
			files = (
			);
			inputPaths = (
			);
			name = "[CP] Copy Pods Resources";
			outputPaths = (
			);
			runOnlyForDeploymentPostprocessing = 0;
			shellPath = /bin/sh;
			shellScript = "\"${SRCROOT}/Pods/Target Support Files/Pods-SniperStocksUITests/Pods-SniperStocksUITests-resources.sh\"\n";
			showEnvVarsInLog = 0;
		};
/* End PBXShellScriptBuildPhase section */

/* Begin PBXSourcesBuildPhase section */
		AF106BAD1D0D571A0053130C /* Sources */ = {
			isa = PBXSourcesBuildPhase;
			buildActionMask = 2147483647;
			files = (
				AF270C471D4DF3A5001E1DBE /* ViewController.swift in Sources */,
				AF560E351D635CA500B2FB57 /* InstractionTableViewCell.swift in Sources */,
				4106F0DE1D42B07A00B780BA /* WebServiceProtocol.swift in Sources */,
				AFC830C01D462E0E00E11C31 /* RegisterViewController.swift in Sources */,
				AF560E331D633D8600B2FB57 /* InstractionViewController.swift in Sources */,
				AFFFA0341D4F507500C9793A /* SniperStocksConstants.swift in Sources */,
				AFFD2F211D61387700372742 /* SendMoneyViewController.swift in Sources */,
				AF286BFD1D5217C9003B91BE /* LoginViewController.swift in Sources */,
				AFFD2F1D1D5F694000372742 /* MyAccountViewController.swift in Sources */,
				AF106BB51D0D571F0053130C /* AppDelegate.swift in Sources */,
				41EE491D1D1B0132008A51B0 /* webServiceController.swift in Sources */,
				AFFD2F1B1D5F551B00372742 /* ResetPasswordViewController.swift in Sources */,
				AFFD2F1F1D5F695100372742 /* ChangePasswordViewController.swift in Sources */,
				AFFD2F191D5BD9A800372742 /* ActivateCodeViewController.swift in Sources */,
				AFC830BE1D462DB700E11C31 /* MainViewController.swift in Sources */,
				AF560E371D63613400B2FB57 /* Company.swift in Sources */,
			);
			runOnlyForDeploymentPostprocessing = 0;
		};
		AF106BC11D0D57210053130C /* Sources */ = {
			isa = PBXSourcesBuildPhase;
			buildActionMask = 2147483647;
			files = (
				AF106BCA1D0D57210053130C /* SniperStocksTests.swift in Sources */,
			);
			runOnlyForDeploymentPostprocessing = 0;
		};
		AF106BCC1D0D57210053130C /* Sources */ = {
			isa = PBXSourcesBuildPhase;
			buildActionMask = 2147483647;
			files = (
				AF106BD51D0D57210053130C /* SniperStocksUITests.swift in Sources */,
			);
			runOnlyForDeploymentPostprocessing = 0;
		};
/* End PBXSourcesBuildPhase section */

/* Begin PBXTargetDependency section */
		AF106BC71D0D57210053130C /* PBXTargetDependency */ = {
			isa = PBXTargetDependency;
			target = AF106BB01D0D571A0053130C /* SniperStocks */;
			targetProxy = AF106BC61D0D57210053130C /* PBXContainerItemProxy */;
		};
		AF106BD21D0D57210053130C /* PBXTargetDependency */ = {
			isa = PBXTargetDependency;
			target = AF106BB01D0D571A0053130C /* SniperStocks */;
			targetProxy = AF106BD11D0D57210053130C /* PBXContainerItemProxy */;
		};
/* End PBXTargetDependency section */

/* Begin PBXVariantGroup section */
		AF106BB81D0D57200053130C /* Main.storyboard */ = {
			isa = PBXVariantGroup;
			children = (
				AF106BB91D0D57200053130C /* Base */,
			);
			name = Main.storyboard;
			sourceTree = "<group>";
		};
		AF106BBD1D0D57200053130C /* LaunchScreen.storyboard */ = {
			isa = PBXVariantGroup;
			children = (
				AF106BBE1D0D57200053130C /* Base */,
			);
			name = LaunchScreen.storyboard;
			sourceTree = "<group>";
		};
/* End PBXVariantGroup section */

/* Begin XCBuildConfiguration section */
		AF106BD71D0D57210053130C /* Debug */ = {
			isa = XCBuildConfiguration;
			buildSettings = {
				ALWAYS_SEARCH_USER_PATHS = NO;
				CLANG_ANALYZER_NONNULL = YES;
				CLANG_CXX_LANGUAGE_STANDARD = "gnu++0x";
				CLANG_CXX_LIBRARY = "libc++";
				CLANG_ENABLE_MODULES = YES;
				CLANG_ENABLE_OBJC_ARC = YES;
				CLANG_WARN_BOOL_CONVERSION = YES;
				CLANG_WARN_CONSTANT_CONVERSION = YES;
				CLANG_WARN_DIRECT_OBJC_ISA_USAGE = YES_ERROR;
				CLANG_WARN_EMPTY_BODY = YES;
				CLANG_WARN_ENUM_CONVERSION = YES;
				CLANG_WARN_INT_CONVERSION = YES;
				CLANG_WARN_OBJC_ROOT_CLASS = YES_ERROR;
				CLANG_WARN_UNREACHABLE_CODE = YES;
				CLANG_WARN__DUPLICATE_METHOD_MATCH = YES;
				"CODE_SIGN_IDENTITY[sdk=iphoneos*]" = "iPhone Developer";
				COPY_PHASE_STRIP = NO;
				DEBUG_INFORMATION_FORMAT = dwarf;
				ENABLE_STRICT_OBJC_MSGSEND = YES;
				ENABLE_TESTABILITY = YES;
				GCC_C_LANGUAGE_STANDARD = gnu99;
				GCC_DYNAMIC_NO_PIC = NO;
				GCC_NO_COMMON_BLOCKS = YES;
				GCC_OPTIMIZATION_LEVEL = 0;
				GCC_PREPROCESSOR_DEFINITIONS = (
					"DEBUG=1",
					"$(inherited)",
				);
				GCC_WARN_64_TO_32_BIT_CONVERSION = YES;
				GCC_WARN_ABOUT_RETURN_TYPE = YES_ERROR;
				GCC_WARN_UNDECLARED_SELECTOR = YES;
				GCC_WARN_UNINITIALIZED_AUTOS = YES_AGGRESSIVE;
				GCC_WARN_UNUSED_FUNCTION = YES;
				GCC_WARN_UNUSED_VARIABLE = YES;
				IPHONEOS_DEPLOYMENT_TARGET = 9.3;
				MTL_ENABLE_DEBUG_INFO = YES;
				ONLY_ACTIVE_ARCH = YES;
				SDKROOT = iphoneos;
				SWIFT_OPTIMIZATION_LEVEL = "-Onone";
				TARGETED_DEVICE_FAMILY = "1,2";
			};
			name = Debug;
		};
		AF106BD81D0D57210053130C /* Release */ = {
			isa = XCBuildConfiguration;
			buildSettings = {
				ALWAYS_SEARCH_USER_PATHS = NO;
				CLANG_ANALYZER_NONNULL = YES;
				CLANG_CXX_LANGUAGE_STANDARD = "gnu++0x";
				CLANG_CXX_LIBRARY = "libc++";
				CLANG_ENABLE_MODULES = YES;
				CLANG_ENABLE_OBJC_ARC = YES;
				CLANG_WARN_BOOL_CONVERSION = YES;
				CLANG_WARN_CONSTANT_CONVERSION = YES;
				CLANG_WARN_DIRECT_OBJC_ISA_USAGE = YES_ERROR;
				CLANG_WARN_EMPTY_BODY = YES;
				CLANG_WARN_ENUM_CONVERSION = YES;
				CLANG_WARN_INT_CONVERSION = YES;
				CLANG_WARN_OBJC_ROOT_CLASS = YES_ERROR;
				CLANG_WARN_UNREACHABLE_CODE = YES;
				CLANG_WARN__DUPLICATE_METHOD_MATCH = YES;
				"CODE_SIGN_IDENTITY[sdk=iphoneos*]" = "iPhone Developer";
				COPY_PHASE_STRIP = NO;
				DEBUG_INFORMATION_FORMAT = "dwarf-with-dsym";
				ENABLE_NS_ASSERTIONS = NO;
				ENABLE_STRICT_OBJC_MSGSEND = YES;
				GCC_C_LANGUAGE_STANDARD = gnu99;
				GCC_NO_COMMON_BLOCKS = YES;
				GCC_WARN_64_TO_32_BIT_CONVERSION = YES;
				GCC_WARN_ABOUT_RETURN_TYPE = YES_ERROR;
				GCC_WARN_UNDECLARED_SELECTOR = YES;
				GCC_WARN_UNINITIALIZED_AUTOS = YES_AGGRESSIVE;
				GCC_WARN_UNUSED_FUNCTION = YES;
				GCC_WARN_UNUSED_VARIABLE = YES;
				IPHONEOS_DEPLOYMENT_TARGET = 9.3;
				MTL_ENABLE_DEBUG_INFO = NO;
				SDKROOT = iphoneos;
				TARGETED_DEVICE_FAMILY = "1,2";
				VALIDATE_PRODUCT = YES;
			};
			name = Release;
		};
		AF106BDA1D0D57210053130C /* Debug */ = {
			isa = XCBuildConfiguration;
			baseConfigurationReference = A629D11AD536304E77E18D26 /* Pods-SniperStocks.debug.xcconfig */;
			buildSettings = {
				ASSETCATALOG_COMPILER_APPICON_NAME = AppIcon;
				INFOPLIST_FILE = SniperStocks/Info.plist;
				LD_RUNPATH_SEARCH_PATHS = "$(inherited) @executable_path/Frameworks";
				PRODUCT_BUNDLE_IDENTIFIER = au.com.molutions.SniperStocks;
				PRODUCT_NAME = "$(TARGET_NAME)";
				TARGETED_DEVICE_FAMILY = 1;
			};
			name = Debug;
		};
		AF106BDB1D0D57210053130C /* Release */ = {
			isa = XCBuildConfiguration;
			baseConfigurationReference = 5BB794EC8916F0EA73C3170F /* Pods-SniperStocks.release.xcconfig */;
			buildSettings = {
				ASSETCATALOG_COMPILER_APPICON_NAME = AppIcon;
				INFOPLIST_FILE = SniperStocks/Info.plist;
				LD_RUNPATH_SEARCH_PATHS = "$(inherited) @executable_path/Frameworks";
				PRODUCT_BUNDLE_IDENTIFIER = au.com.molutions.SniperStocks;
				PRODUCT_NAME = "$(TARGET_NAME)";
				TARGETED_DEVICE_FAMILY = 1;
			};
			name = Release;
		};
		AF106BDD1D0D57210053130C /* Debug */ = {
			isa = XCBuildConfiguration;
			baseConfigurationReference = 848CB2385ADC4B7E6D3640D8 /* Pods-SniperStocksTests.debug.xcconfig */;
			buildSettings = {
				BUNDLE_LOADER = "$(TEST_HOST)";
				INFOPLIST_FILE = SniperStocksTests/Info.plist;
				LD_RUNPATH_SEARCH_PATHS = "$(inherited) @executable_path/Frameworks @loader_path/Frameworks";
				PRODUCT_BUNDLE_IDENTIFIER = au.com.molutions.SniperStocksTests;
				PRODUCT_NAME = "$(TARGET_NAME)";
				TEST_HOST = "$(BUILT_PRODUCTS_DIR)/SniperStocks.app/SniperStocks";
			};
			name = Debug;
		};
		AF106BDE1D0D57210053130C /* Release */ = {
			isa = XCBuildConfiguration;
			baseConfigurationReference = 0B9B8F4A49C9112056112873 /* Pods-SniperStocksTests.release.xcconfig */;
			buildSettings = {
				BUNDLE_LOADER = "$(TEST_HOST)";
				INFOPLIST_FILE = SniperStocksTests/Info.plist;
				LD_RUNPATH_SEARCH_PATHS = "$(inherited) @executable_path/Frameworks @loader_path/Frameworks";
				PRODUCT_BUNDLE_IDENTIFIER = au.com.molutions.SniperStocksTests;
				PRODUCT_NAME = "$(TARGET_NAME)";
				TEST_HOST = "$(BUILT_PRODUCTS_DIR)/SniperStocks.app/SniperStocks";
			};
			name = Release;
		};
		AF106BE01D0D57210053130C /* Debug */ = {
			isa = XCBuildConfiguration;
			baseConfigurationReference = 8A93CF82701DCF378C122DEB /* Pods-SniperStocksUITests.debug.xcconfig */;
			buildSettings = {
				INFOPLIST_FILE = SniperStocksUITests/Info.plist;
				LD_RUNPATH_SEARCH_PATHS = "$(inherited) @executable_path/Frameworks @loader_path/Frameworks";
				PRODUCT_BUNDLE_IDENTIFIER = au.com.molutions.SniperStocksUITests;
				PRODUCT_NAME = "$(TARGET_NAME)";
				TEST_TARGET_NAME = SniperStocks;
			};
			name = Debug;
		};
		AF106BE11D0D57210053130C /* Release */ = {
			isa = XCBuildConfiguration;
			baseConfigurationReference = C71912CAF95DA5776D225992 /* Pods-SniperStocksUITests.release.xcconfig */;
			buildSettings = {
				INFOPLIST_FILE = SniperStocksUITests/Info.plist;
				LD_RUNPATH_SEARCH_PATHS = "$(inherited) @executable_path/Frameworks @loader_path/Frameworks";
				PRODUCT_BUNDLE_IDENTIFIER = au.com.molutions.SniperStocksUITests;
				PRODUCT_NAME = "$(TARGET_NAME)";
				TEST_TARGET_NAME = SniperStocks;
			};
			name = Release;
		};
/* End XCBuildConfiguration section */

/* Begin XCConfigurationList section */
		AF106BAC1D0D57190053130C /* Build configuration list for PBXProject "SniperStocks" */ = {
			isa = XCConfigurationList;
			buildConfigurations = (
				AF106BD71D0D57210053130C /* Debug */,
				AF106BD81D0D57210053130C /* Release */,
			);
			defaultConfigurationIsVisible = 0;
			defaultConfigurationName = Release;
		};
		AF106BD91D0D57210053130C /* Build configuration list for PBXNativeTarget "SniperStocks" */ = {
			isa = XCConfigurationList;
			buildConfigurations = (
				AF106BDA1D0D57210053130C /* Debug */,
				AF106BDB1D0D57210053130C /* Release */,
			);
			defaultConfigurationIsVisible = 0;
			defaultConfigurationName = Release;
		};
		AF106BDC1D0D57210053130C /* Build configuration list for PBXNativeTarget "SniperStocksTests" */ = {
			isa = XCConfigurationList;
			buildConfigurations = (
				AF106BDD1D0D57210053130C /* Debug */,
				AF106BDE1D0D57210053130C /* Release */,
			);
			defaultConfigurationIsVisible = 0;
			defaultConfigurationName = Release;
		};
		AF106BDF1D0D57210053130C /* Build configuration list for PBXNativeTarget "SniperStocksUITests" */ = {
			isa = XCConfigurationList;
			buildConfigurations = (
				AF106BE01D0D57210053130C /* Debug */,
				AF106BE11D0D57210053130C /* Release */,
			);
			defaultConfigurationIsVisible = 0;
			defaultConfigurationName = Release;
		};
/* End XCConfigurationList section */
	};
	rootObject = AF106BA91D0D57190053130C /* Project object */;
}
